
Microsoft Visual Studio Solution File, Format Version 12.00
Project("{FAE04EC0-301F-11D3-BF4B-00C04F79EFBC}") = "wpfSprawdzian1Test", "wpfSprawdzian1Test\wpfSprawdzian1Test.csproj", "{554A3EA0-5845-42B1-92CC-2B0C3B754D40}"
EndProject
Global
	GlobalSection(SolutionConfigurationPlatforms) = preSolution
		Debug|Any CPU = Debug|Any CPU
		Release|Any CPU = Release|Any CPU
	EndGlobalSection
	GlobalSection(ProjectConfigurationPlatforms) = postSolution
		{554A3EA0-5845-42B1-92CC-2B0C3B754D40}.Debug|Any CPU.ActiveCfg = Debug|Any CPU
		{554A3EA0-5845-42B1-92CC-2B0C3B754D40}.Debug|Any CPU.Build.0 = Debug|Any CPU
		{554A3EA0-5845-42B1-92CC-2B0C3B754D40}.Release|Any CPU.ActiveCfg = Release|Any CPU
		{554A3EA0-5845-42B1-92CC-2B0C3B754D40}.Release|Any CPU.Build.0 = Release|Any CPU
	EndGlobalSection
EndGlobal
